{
  "version": 4,
  "terraform_version": "1.3.9",
  "serial": 24,
  "lineage": "e77bbf8e-f02e-84a7-48fd-26d0d3319bf0",
  "outputs": {
    "RDS-Endpoint-Hostname": {
      "value": "terraform-20230301140434090300000001.c5ymcmzipocz.us-east-1.rds.amazonaws.com",
      "type": "string"
    },
    "RDS-MySQL-Username": {
      "value": "admin",
      "type": "string"
    },
    "Source-MySQL-IP": {
      "value": "ec2-100-25-222-234.compute-1.amazonaws.com",
      "type": "string"
    },
    "Source-MySQL-Username": {
      "value": "root",
      "type": "string"
    }
  },
  "resources": [
    {
      "mode": "data",
      "type": "aws_iam_policy_document",
      "name": "dms_assume_role",
      "provider": "provider[\"registry.terraform.io/hashicorp/aws\"]",
      "instances": [
        {
          "schema_version": 0,
          "attributes": {
            "id": "838930504",
            "json": "{\n  \"Version\": \"2012-10-17\",\n  \"Statement\": [\n    {\n      \"Sid\": \"\",\n      \"Effect\": \"Allow\",\n      \"Action\": \"sts:AssumeRole\",\n      \"Principal\": {\n        \"Service\": \"dms.amazonaws.com\"\n      }\n    }\n  ]\n}",
            "override_json": null,
            "override_policy_documents": null,
            "policy_id": null,
            "source_json": null,
            "source_policy_documents": null,
            "statement": [
              {
                "actions": [
                  "sts:AssumeRole"
                ],
                "condition": [],
                "effect": "Allow",
                "not_actions": [],
                "not_principals": [],
                "not_resources": [],
                "principals": [
                  {
                    "identifiers": [
                      "dms.amazonaws.com"
                    ],
                    "type": "Service"
                  }
                ],
                "resources": [],
                "sid": ""
              }
            ],
            "version": "2012-10-17"
          },
          "sensitive_attributes": []
        }
      ]
    },
    {
      "mode": "data",
      "type": "aws_ssm_parameter",
      "name": "amazon_linux2_ami",
      "provider": "provider[\"registry.terraform.io/hashicorp/aws\"]",
      "instances": [
        {
          "schema_version": 0,
          "attributes": {
            "arn": "arn:aws:ssm:us-east-1::parameter/aws/service/ami-amazon-linux-latest/amzn2-ami-hvm-x86_64-gp2",
            "id": "/aws/service/ami-amazon-linux-latest/amzn2-ami-hvm-x86_64-gp2",
            "name": "/aws/service/ami-amazon-linux-latest/amzn2-ami-hvm-x86_64-gp2",
            "type": "String",
            "value": "ami-05b5badc2f7ddd88d",
            "version": 80,
            "with_decryption": true
          },
          "sensitive_attributes": []
        }
      ]
    },
    {
      "mode": "data",
      "type": "aws_subnets",
      "name": "default_subnet",
      "provider": "provider[\"registry.terraform.io/hashicorp/aws\"]",
      "instances": [
        {
          "schema_version": 0,
          "attributes": {
            "filter": [
              {
                "name": "vpc-id",
                "values": [
                  "vpc-0dec6a82c2a499395"
                ]
              }
            ],
            "id": "us-east-1",
            "ids": [
              "subnet-01dfdbc165534a4f3",
              "subnet-09b6a36be7b77c872",
              "subnet-0d2b8c51e23f41795",
              "subnet-096c6d4acd058cd3f",
              "subnet-089d9424578e39ef6",
              "subnet-06ca26a4b0fc9bdc5"
            ],
            "tags": null,
            "timeouts": null
          },
          "sensitive_attributes": []
        }
      ]
    },
    {
      "mode": "data",
      "type": "aws_vpc",
      "name": "default_vpc",
      "provider": "provider[\"registry.terraform.io/hashicorp/aws\"]",
      "instances": [
        {
          "schema_version": 0,
          "attributes": {
            "arn": "arn:aws:ec2:us-east-1:169639371883:vpc/vpc-0dec6a82c2a499395",
            "cidr_block": "172.31.0.0/16",
            "cidr_block_associations": [
              {
                "association_id": "vpc-cidr-assoc-019850fbff4313427",
                "cidr_block": "172.31.0.0/16",
                "state": "associated"
              }
            ],
            "default": true,
            "dhcp_options_id": "dopt-09ef416cdb02f0b68",
            "enable_dns_hostnames": true,
            "enable_dns_support": true,
            "enable_network_address_usage_metrics": false,
            "filter": null,
            "id": "vpc-0dec6a82c2a499395",
            "instance_tenancy": "default",
            "ipv6_association_id": "",
            "ipv6_cidr_block": "",
            "main_route_table_id": "rtb-0bd5884c2e0006cda",
            "owner_id": "169639371883",
            "state": null,
            "tags": {},
            "timeouts": null
          },
          "sensitive_attributes": []
        }
      ]
    },
    {
      "mode": "managed",
      "type": "aws_db_instance",
      "name": "target_mysql_rds",
      "provider": "provider[\"registry.terraform.io/hashicorp/aws\"]",
      "instances": [
        {
          "schema_version": 1,
          "attributes": {
            "address": "terraform-20230301140434090300000001.c5ymcmzipocz.us-east-1.rds.amazonaws.com",
            "allocated_storage": 10,
            "allow_major_version_upgrade": null,
            "apply_immediately": false,
            "arn": "arn:aws:rds:us-east-1:169639371883:db:terraform-20230301140434090300000001",
            "auto_minor_version_upgrade": true,
            "availability_zone": "us-east-1d",
            "backup_retention_period": 0,
            "backup_window": "04:22-04:52",
            "blue_green_update": [],
            "ca_cert_identifier": "rds-ca-2019",
            "character_set_name": "",
            "copy_tags_to_snapshot": false,
            "custom_iam_instance_profile": "",
            "customer_owned_ip_enabled": false,
            "db_name": "target_mysql",
            "db_subnet_group_name": "default",
            "delete_automated_backups": true,
            "deletion_protection": false,
            "domain": "",
            "domain_iam_role_name": "",
            "enabled_cloudwatch_logs_exports": [],
            "endpoint": "terraform-20230301140434090300000001.c5ymcmzipocz.us-east-1.rds.amazonaws.com:3306",
            "engine": "mysql",
            "engine_version": "8.0.32",
            "engine_version_actual": "8.0.32",
            "final_snapshot_identifier": null,
            "hosted_zone_id": "Z2R2ITUGPM61AM",
            "iam_database_authentication_enabled": false,
            "id": "terraform-20230301140434090300000001",
            "identifier": "terraform-20230301140434090300000001",
            "identifier_prefix": "terraform-",
            "instance_class": "db.t3.micro",
            "iops": 0,
            "kms_key_id": "",
            "latest_restorable_time": "",
            "license_model": "general-public-license",
            "maintenance_window": "fri:07:50-fri:08:20",
            "max_allocated_storage": 0,
            "monitoring_interval": 0,
            "monitoring_role_arn": "",
            "multi_az": false,
            "name": "target_mysql",
            "nchar_character_set_name": "",
            "network_type": "IPV4",
            "option_group_name": "default:mysql-8-0",
            "parameter_group_name": "default.mysql8.0",
            "password": "Cbi_12345",
            "performance_insights_enabled": false,
            "performance_insights_kms_key_id": "",
            "performance_insights_retention_period": 0,
            "port": 3306,
            "publicly_accessible": false,
            "replica_mode": "",
            "replicas": [],
            "replicate_source_db": "",
            "resource_id": "db-WN3CNSF3GMS2AWU3MB6UZI33CE",
            "restore_to_point_in_time": [],
            "s3_import": [],
            "security_group_names": [],
            "skip_final_snapshot": true,
            "snapshot_identifier": null,
            "status": "available",
            "storage_encrypted": false,
            "storage_throughput": 0,
            "storage_type": "gp2",
            "tags": {},
            "tags_all": {},
            "timeouts": null,
            "timezone": "",
            "username": "admin",
            "vpc_security_group_ids": [
              "sg-0703314f3e06eeabd"
            ]
          },
          "sensitive_attributes": [
            [
              {
                "type": "get_attr",
                "value": "password"
              }
            ]
          ],
          "private": "eyJlMmJmYjczMC1lY2FhLTExZTYtOGY4OC0zNDM2M2JjN2M0YzAiOnsiY3JlYXRlIjoyNDAwMDAwMDAwMDAwLCJkZWxldGUiOjM2MDAwMDAwMDAwMDAsInVwZGF0ZSI6NDgwMDAwMDAwMDAwMH0sInNjaGVtYV92ZXJzaW9uIjoiMSJ9",
          "dependencies": [
            "aws_security_group.security_group_dms",
            "data.aws_vpc.default_vpc"
          ]
        }
      ]
    },
    {
      "mode": "managed",
      "type": "aws_dms_endpoint",
      "name": "source",
      "provider": "provider[\"registry.terraform.io/hashicorp/aws\"]",
      "instances": [
        {
          "schema_version": 0,
          "attributes": {
            "certificate_arn": "",
            "database_name": "",
            "elasticsearch_settings": [],
            "endpoint_arn": "arn:aws:dms:us-east-1:169639371883:endpoint:WPFBWP45V62XJAJENG5JUUPDNAA7HYE4VRD26PI",
            "endpoint_id": "source",
            "endpoint_type": "source",
            "engine_name": "mysql",
            "extra_connection_attributes": "",
            "id": "source",
            "kafka_settings": [],
            "kinesis_settings": [],
            "kms_key_arn": "arn:aws:kms:us-east-1:169639371883:key/7dfb011f-9a5d-4089-9f9d-ce3401ae2794",
            "mongodb_settings": [],
            "password": "Cbi_12345",
            "port": 3306,
            "redis_settings": [],
            "redshift_settings": [],
            "s3_settings": [],
            "secrets_manager_access_role_arn": "",
            "secrets_manager_arn": "",
            "server_name": "ec2-100-25-222-234.compute-1.amazonaws.com",
            "service_access_role": null,
            "ssl_mode": "none",
            "tags": {},
            "tags_all": {},
            "timeouts": null,
            "username": "root"
          },
          "sensitive_attributes": [
            [
              {
                "type": "get_attr",
                "value": "password"
              }
            ]
          ],
          "private": "eyJlMmJmYjczMC1lY2FhLTExZTYtOGY4OC0zNDM2M2JjN2M0YzAiOnsiY3JlYXRlIjozMDAwMDAwMDAwMDAsImRlbGV0ZSI6NjAwMDAwMDAwMDAwfX0="
        }
      ]
    },
    {
      "mode": "managed",
      "type": "aws_dms_endpoint",
      "name": "target",
      "provider": "provider[\"registry.terraform.io/hashicorp/aws\"]",
      "instances": [
        {
          "schema_version": 0,
          "attributes": {
            "certificate_arn": "",
            "database_name": "",
            "elasticsearch_settings": [],
            "endpoint_arn": "arn:aws:dms:us-east-1:169639371883:endpoint:L26Y7AVA4HLM3PDGRWEGBFN3A3UUDAONJQGEUIQ",
            "endpoint_id": "target",
            "endpoint_type": "target",
            "engine_name": "mysql",
            "extra_connection_attributes": "",
            "id": "target",
            "kafka_settings": [],
            "kinesis_settings": [],
            "kms_key_arn": "arn:aws:kms:us-east-1:169639371883:key/7dfb011f-9a5d-4089-9f9d-ce3401ae2794",
            "mongodb_settings": [],
            "password": "Cbi_12345",
            "port": 3306,
            "redis_settings": [],
            "redshift_settings": [],
            "s3_settings": [],
            "secrets_manager_access_role_arn": "",
            "secrets_manager_arn": "",
            "server_name": "terraform-20230301140434090300000001.c5ymcmzipocz.us-east-1.rds.amazonaws.com",
            "service_access_role": null,
            "ssl_mode": "none",
            "tags": {},
            "tags_all": {},
            "timeouts": null,
            "username": "admin"
          },
          "sensitive_attributes": [
            [
              {
                "type": "get_attr",
                "value": "password"
              }
            ]
          ],
          "private": "eyJlMmJmYjczMC1lY2FhLTExZTYtOGY4OC0zNDM2M2JjN2M0YzAiOnsiY3JlYXRlIjozMDAwMDAwMDAwMDAsImRlbGV0ZSI6NjAwMDAwMDAwMDAwfX0=",
          "dependencies": [
            "aws_db_instance.target_mysql_rds",
            "aws_security_group.security_group_dms",
            "data.aws_vpc.default_vpc"
          ]
        }
      ]
    },
    {
      "mode": "managed",
      "type": "aws_dms_replication_instance",
      "name": "dms-instance",
      "provider": "provider[\"registry.terraform.io/hashicorp/aws\"]",
      "instances": [
        {
          "schema_version": 0,
          "attributes": {
            "allocated_storage": 10,
            "allow_major_version_upgrade": null,
            "apply_immediately": true,
            "auto_minor_version_upgrade": false,
            "availability_zone": "us-east-1f",
            "engine_version": "3.4.6",
            "id": "dms-instance",
            "kms_key_arn": "arn:aws:kms:us-east-1:169639371883:key/7dfb011f-9a5d-4089-9f9d-ce3401ae2794",
            "multi_az": false,
            "preferred_maintenance_window": "wed:12:04-wed:12:34",
            "publicly_accessible": true,
            "replication_instance_arn": "arn:aws:dms:us-east-1:169639371883:rep:EVE22OQXSMADCENRMCJEETWRGZHUG37GJ2I3XJA",
            "replication_instance_class": "dms.t3.micro",
            "replication_instance_id": "dms-instance",
            "replication_instance_private_ips": [
              "172.31.64.249"
            ],
            "replication_instance_public_ips": [
              "44.214.56.6"
            ],
            "replication_subnet_group_id": "default",
            "tags": {
              "Name": "DMS-Replication-Instance"
            },
            "tags_all": {
              "Name": "DMS-Replication-Instance"
            },
            "timeouts": null,
            "vpc_security_group_ids": [
              "sg-0703314f3e06eeabd"
            ]
          },
          "sensitive_attributes": [],
          "private": "eyJlMmJmYjczMC1lY2FhLTExZTYtOGY4OC0zNDM2M2JjN2M0YzAiOnsiY3JlYXRlIjoxODAwMDAwMDAwMDAwLCJkZWxldGUiOjE4MDAwMDAwMDAwMDAsInVwZGF0ZSI6MTgwMDAwMDAwMDAwMH19",
          "dependencies": [
            "aws_iam_role.dms-vpc-role",
            "aws_security_group.security_group_dms",
            "data.aws_iam_policy_document.dms_assume_role",
            "data.aws_vpc.default_vpc"
          ]
        }
      ]
    },
    {
      "mode": "managed",
      "type": "aws_dms_replication_task",
      "name": "dms-task",
      "provider": "provider[\"registry.terraform.io/hashicorp/aws\"]",
      "instances": [
        {
          "schema_version": 0,
          "attributes": {
            "cdc_start_position": "",
            "cdc_start_time": null,
            "id": "replication-task-dms",
            "migration_type": "full-load",
            "replication_instance_arn": "arn:aws:dms:us-east-1:169639371883:rep:EVE22OQXSMADCENRMCJEETWRGZHUG37GJ2I3XJA",
            "replication_task_arn": "arn:aws:dms:us-east-1:169639371883:task:ICEG5KRZ55KM27U7HU3EL23WE66RIAYMHOMFDMQ",
            "replication_task_id": "replication-task-dms",
            "replication_task_settings": "",
            "source_endpoint_arn": "arn:aws:dms:us-east-1:169639371883:endpoint:WPFBWP45V62XJAJENG5JUUPDNAA7HYE4VRD26PI",
            "start_replication_task": false,
            "status": "stopped",
            "table_mappings": "{\"rules\":[{\"rule-type\":\"selection\",\"rule-id\":\"1\",\"rule-name\":\"1\",\"object-locator\":{\"schema-name\":\"testDB\",\"table-name\":\"personne\"},\"rule-action\":\"include\"}]}",
            "tags": {},
            "tags_all": {},
            "target_endpoint_arn": "arn:aws:dms:us-east-1:169639371883:endpoint:L26Y7AVA4HLM3PDGRWEGBFN3A3UUDAONJQGEUIQ"
          },
          "sensitive_attributes": [],
          "private": "bnVsbA==",
          "dependencies": [
            "aws_dms_endpoint.source",
            "aws_dms_endpoint.target",
            "aws_dms_replication_instance.dms-instance"
          ]
        }
      ]
    },
    {
      "mode": "managed",
      "type": "aws_iam_role",
      "name": "dms-cloudwatch-logs-role",
      "provider": "provider[\"registry.terraform.io/hashicorp/aws\"]",
      "instances": [
        {
          "schema_version": 0,
          "attributes": {
            "arn": "arn:aws:iam::169639371883:role/dms-cloudwatch-logs-role",
            "assume_role_policy": "{\"Statement\":[{\"Action\":\"sts:AssumeRole\",\"Effect\":\"Allow\",\"Principal\":{\"Service\":\"dms.amazonaws.com\"},\"Sid\":\"\"}],\"Version\":\"2012-10-17\"}",
            "create_date": "2023-03-01T13:30:46Z",
            "description": "",
            "force_detach_policies": false,
            "id": "dms-cloudwatch-logs-role",
            "inline_policy": [],
            "managed_policy_arns": [
              "arn:aws:iam::aws:policy/service-role/AmazonDMSCloudWatchLogsRole"
            ],
            "max_session_duration": 3600,
            "name": "dms-cloudwatch-logs-role",
            "name_prefix": "",
            "path": "/",
            "permissions_boundary": null,
            "tags": {},
            "tags_all": {},
            "unique_id": "AROASO72LMRV7SZW62JPL"
          },
          "sensitive_attributes": [],
          "private": "bnVsbA==",
          "dependencies": [
            "data.aws_iam_policy_document.dms_assume_role"
          ]
        }
      ]
    },
    {
      "mode": "managed",
      "type": "aws_iam_role",
      "name": "dms-vpc-role",
      "provider": "provider[\"registry.terraform.io/hashicorp/aws\"]",
      "instances": [
        {
          "schema_version": 0,
          "attributes": {
            "arn": "arn:aws:iam::169639371883:role/dms-vpc-role",
            "assume_role_policy": "{\"Statement\":[{\"Action\":\"sts:AssumeRole\",\"Effect\":\"Allow\",\"Principal\":{\"Service\":\"dms.amazonaws.com\"},\"Sid\":\"\"}],\"Version\":\"2012-10-17\"}",
            "create_date": "2023-03-01T13:30:46Z",
            "description": "",
            "force_detach_policies": false,
            "id": "dms-vpc-role",
            "inline_policy": [
              {
                "name": "dms-vpc-role-policy",
                "policy": "{\"Version\":\"2012-10-17\",\"Statement\":[{\"Action\":\"dms:*\",\"Effect\":\"Allow\",\"Resource\":\"*\"},{\"Action\":[\"kms:ListAliases\",\"kms:DescribeKey\"],\"Effect\":\"Allow\",\"Resource\":\"*\"},{\"Action\":[\"iam:GetRole\",\"iam:PassRole\",\"iam:CreateRole\",\"iam:AttachRolePolicy\"],\"Effect\":\"Allow\",\"Resource\":\"*\"},{\"Action\":[\"ec2:DescribeVpcs\",\"ec2:DescribeInternetGateways\",\"ec2:DescribeAvailabilityZones\",\"ec2:DescribeSubnets\",\"ec2:DescribeSecurityGroups\",\"ec2:ModifyNetworkInterfaceAttribute\",\"ec2:CreateNetworkInterface\",\"ec2:DeleteNetworkInterface\"],\"Effect\":\"Allow\",\"Resource\":\"*\"},{\"Action\":[\"cloudwatch:Get*\",\"cloudwatch:List*\"],\"Effect\":\"Allow\",\"Resource\":\"*\"},{\"Action\":[\"logs:DescribeLogGroups\",\"logs:DescribeLogStreams\",\"logs:FilterLogEvents\",\"logs:GetLogEvents\"],\"Effect\":\"Allow\",\"Resource\":\"*\"}]}"
              }
            ],
            "managed_policy_arns": [
              "arn:aws:iam::aws:policy/service-role/AmazonDMSVPCManagementRole"
            ],
            "max_session_duration": 3600,
            "name": "dms-vpc-role",
            "name_prefix": "",
            "path": "/",
            "permissions_boundary": null,
            "tags": {},
            "tags_all": {},
            "unique_id": "AROASO72LMRV4RQ6QWQNQ"
          },
          "sensitive_attributes": [],
          "private": "bnVsbA==",
          "dependencies": [
            "data.aws_iam_policy_document.dms_assume_role"
          ]
        }
      ]
    },
    {
      "mode": "managed",
      "type": "aws_iam_role_policy_attachment",
      "name": "dms-cloudwatch-logs-role-AmazonDMSCloudWatchLogsRole",
      "provider": "provider[\"registry.terraform.io/hashicorp/aws\"]",
      "instances": [
        {
          "schema_version": 0,
          "attributes": {
            "id": "dms-cloudwatch-logs-role-20230301133047130400000001",
            "policy_arn": "arn:aws:iam::aws:policy/service-role/AmazonDMSCloudWatchLogsRole",
            "role": "dms-cloudwatch-logs-role"
          },
          "sensitive_attributes": [],
          "private": "bnVsbA==",
          "dependencies": [
            "aws_iam_role.dms-cloudwatch-logs-role",
            "data.aws_iam_policy_document.dms_assume_role"
          ]
        }
      ]
    },
    {
      "mode": "managed",
      "type": "aws_key_pair",
      "name": "source_mysql_key",
      "provider": "provider[\"registry.terraform.io/hashicorp/aws\"]",
      "instances": [
        {
          "schema_version": 1,
          "attributes": {
            "arn": "arn:aws:ec2:us-east-1:169639371883:key-pair/source_mysql",
            "fingerprint": "11:a7:4a:f9:c4:c5:97:b5:f8:2e:8e:db:1a:ff:f1:b9",
            "id": "source_mysql",
            "key_name": "source_mysql",
            "key_name_prefix": "",
            "key_pair_id": "key-0bfe8bf9e0ae338b4",
            "key_type": "rsa",
            "public_key": "ssh-rsa AAAAB3NzaC1yc2EAAAADAQABAAABgQCOec6fhbEKarFbwsHyUwbKbhxkUMVDymC/iN1NFxTnGClqD1qi3DJJy0Gy4ppJep1tKVWBx54PL7QgVyTxVMOtimlBtVeh4tJnjzSvc6ePoTg98lUncq2Tn7VgyLRvZ4ysi5IEWmbe764HmcJM+TNwBgSQuV7lzxxCtNzkDPjegiWOpWt6XkB8IPKoigDURIcB7Wxz7CT+Lmr5iyO5LWXDpm6sOode8+ujUS1TM2iQmpFa66OlIEvaGxCGTpmmo5OyM+PAZEzdlLyGVklpK9ho5YbmyIEbVFYtjCFopKoENNw0uRdociiEjPIlLYtY2REXw512pHutIcjZXPktog79OsNNG1IqgEoP111+/IeEI1InvufJW5avhHKPYtmVv9yCbBEywDxyVQmsHjQyClfzoknG+7rvgaeQCaHKf82J3NW9Ecxv2Nlirtfc8WOpftCA4YetwvXUX28+S7jtmKpldv/3T0qtbn6BO3MABetbHENEhR4p2XOYz8vFghxDsoc= ubuntu@ip-172-31-54-154",
            "tags": {},
            "tags_all": {}
          },
          "sensitive_attributes": [],
          "private": "eyJzY2hlbWFfdmVyc2lvbiI6IjEifQ=="
        }
      ]
    },
    {
      "mode": "managed",
      "type": "aws_security_group",
      "name": "security_group_dms",
      "provider": "provider[\"registry.terraform.io/hashicorp/aws\"]",
      "instances": [
        {
          "schema_version": 1,
          "attributes": {
            "arn": "arn:aws:ec2:us-east-1:169639371883:security-group/sg-0703314f3e06eeabd",
            "description": "TCP/22",
            "egress": [
              {
                "cidr_blocks": [
                  "0.0.0.0/0"
                ],
                "description": "",
                "from_port": 0,
                "ipv6_cidr_blocks": [],
                "prefix_list_ids": [],
                "protocol": "-1",
                "security_groups": [],
                "self": false,
                "to_port": 0
              }
            ],
            "id": "sg-0703314f3e06eeabd",
            "ingress": [
              {
                "cidr_blocks": [
                  "0.0.0.0/0"
                ],
                "description": "Allow 22 from anywhere",
                "from_port": 22,
                "ipv6_cidr_blocks": [],
                "prefix_list_ids": [],
                "protocol": "tcp",
                "security_groups": [],
                "self": false,
                "to_port": 22
              },
              {
                "cidr_blocks": [],
                "description": "allow anyone on port 3306",
                "from_port": 3306,
                "ipv6_cidr_blocks": [],
                "prefix_list_ids": [],
                "protocol": "tcp",
                "security_groups": [],
                "self": true,
                "to_port": 3306
              }
            ],
            "name": "security_group_dms",
            "name_prefix": "",
            "owner_id": "169639371883",
            "revoke_rules_on_delete": false,
            "tags": {},
            "tags_all": {},
            "timeouts": null,
            "vpc_id": "vpc-0dec6a82c2a499395"
          },
          "sensitive_attributes": [],
          "private": "eyJlMmJmYjczMC1lY2FhLTExZTYtOGY4OC0zNDM2M2JjN2M0YzAiOnsiY3JlYXRlIjo2MDAwMDAwMDAwMDAsImRlbGV0ZSI6OTAwMDAwMDAwMDAwfSwic2NoZW1hX3ZlcnNpb24iOiIxIn0=",
          "dependencies": [
            "data.aws_vpc.default_vpc"
          ]
        }
      ]
    },
    {
      "mode": "managed",
      "type": "aws_security_group_rule",
      "name": "add_dms_replication_ip_to_sg",
      "provider": "provider[\"registry.terraform.io/hashicorp/aws\"]",
      "instances": [
        {
          "schema_version": 2,
          "attributes": {
            "cidr_blocks": [
              "44.214.56.6/32"
            ],
            "description": null,
            "from_port": 3306,
            "id": "sgrule-1568748232",
            "ipv6_cidr_blocks": null,
            "prefix_list_ids": null,
            "protocol": "tcp",
            "security_group_id": "sg-0703314f3e06eeabd",
            "security_group_rule_id": "sgr-0378229a17279428a",
            "self": false,
            "source_security_group_id": null,
            "timeouts": null,
            "to_port": 3306,
            "type": "ingress"
          },
          "sensitive_attributes": [],
          "private": "eyJlMmJmYjczMC1lY2FhLTExZTYtOGY4OC0zNDM2M2JjN2M0YzAiOnsiY3JlYXRlIjozMDAwMDAwMDAwMDB9LCJzY2hlbWFfdmVyc2lvbiI6IjIifQ==",
          "dependencies": [
            "aws_dms_replication_instance.dms-instance",
            "aws_security_group.security_group_dms",
            "data.aws_vpc.default_vpc"
          ]
        }
      ]
    }
  ],
  "check_results": null
}
